
Microsoft Visual Studio Solution File, Format Version 12.00
# Visual Studio Version 17
VisualStudioVersion = 17.5.002.0
MinimumVisualStudioVersion = 10.0.40219.1
Project("{9A19103F-16F7-4668-BE54-9A1E7A4F7556}") = "DesafioPOO", "DesafioPOO.csproj", "{F8BBD204-8983-4FCD-AFF9-BCEDF908ADA3}"
EndProject
Global
	GlobalSection(SolutionConfigurationPlatforms) = preSolution
		Debug|Any CPU = Debug|Any CPU
		Release|Any CPU = Release|Any CPU
	EndGlobalSection
	GlobalSection(ProjectConfigurationPlatforms) = postSolution
		{F8BBD204-8983-4FCD-AFF9-BCEDF908ADA3}.Debug|Any CPU.ActiveCfg = Debug|Any CPU
		{F8BBD204-8983-4FCD-AFF9-BCEDF908ADA3}.Debug|Any CPU.Build.0 = Debug|Any CPU
		{F8BBD204-8983-4FCD-AFF9-BCEDF908ADA3}.Release|Any CPU.ActiveCfg = Release|Any CPU
		{F8BBD204-8983-4FCD-AFF9-BCEDF908ADA3}.Release|Any CPU.Build.0 = Release|Any CPU
	EndGlobalSection
	GlobalSection(SolutionProperties) = preSolution
		HideSolutionNode = FALSE
	EndGlobalSection
	GlobalSection(ExtensibilityGlobals) = postSolution
		SolutionGuid = {93F17E31-7182-4767-A095-8C945E2B1C9E}
	EndGlobalSection
EndGlobal
